
Microsoft Visual Studio Solution File, Format Version 12.00
# Visual Studio Version 17
VisualStudioVersion = 17.5.33530.505
MinimumVisualStudioVersion = 10.0.40219.1
Project("{FAE04EC0-301F-11D3-BF4B-00C04F79EFBC}") = "RESTCSharpClient", "RESTCSharpClient\RESTCSharpClient.csproj", "{1DFF9976-D41C-455F-BE35-5963730A6CA0}"
EndProject
Global
	GlobalSection(SolutionConfigurationPlatforms) = preSolution
		Debug|Any CPU = Debug|Any CPU
		Release|Any CPU = Release|Any CPU
	EndGlobalSection
	GlobalSection(ProjectConfigurationPlatforms) = postSolution
		{1DFF9976-D41C-455F-BE35-5963730A6CA0}.Debug|Any CPU.ActiveCfg = Debug|Any CPU
		{1DFF9976-D41C-455F-BE35-5963730A6CA0}.Debug|Any CPU.Build.0 = Debug|Any CPU
		{1DFF9976-D41C-455F-BE35-5963730A6CA0}.Release|Any CPU.ActiveCfg = Release|Any CPU
		{1DFF9976-D41C-455F-BE35-5963730A6CA0}.Release|Any CPU.Build.0 = Release|Any CPU
	EndGlobalSection
	GlobalSection(SolutionProperties) = preSolution
		HideSolutionNode = FALSE
	EndGlobalSection
	GlobalSection(ExtensibilityGlobals) = postSolution
		SolutionGuid = {BD7966F0-1AAE-4872-B507-6F96F905C1AC}
	EndGlobalSection
EndGlobal
