<?xml version="1.0" encoding="utf-8"?>
<Project ToolsVersion="4.0" xmlns="http://schemas.microsoft.com/developer/msbuild/2003">
  <ItemGroup>
    <ClCompile Include="Lab1011FAB.cpp" />
    <ClCompile Include="main.cpp">
      <Filter>Source Files</Filter>
    </ClCompile>
    <ClCompile Include="repo.cpp">
      <Filter>Source Files</Filter>
    </ClCompile>
    <ClCompile Include="pok.cpp">
      <Filter>Source Files</Filter>
    </ClCompile>
    <ClCompile Include="repoException.cpp">
      <Filter>Source Files</Filter>
    </ClCompile>
    <ClCompile Include="service.cpp">
      <Filter>Source Files</Filter>
    </ClCompile>
    <ClCompile Include="teste.cpp">
      <Filter>Source Files</Filter>
    </ClCompile>
    <ClCompile Include="valid.cpp">
      <Filter>Source Files</Filter>
    </ClCompile>
    <ClCompile Include="GUI.cpp">
      <Filter>Source Files</Filter>
    </ClCompile>
    <ClCompile Include="cosuri.cpp">
      <Filter>Source Files</Filter>
    </ClCompile>
  </ItemGroup>
  <ItemGroup>
    <ClInclude Include="repo.h">
      <Filter>Header Files</Filter>
    </ClInclude>
    <ClInclude Include="pok.h">
      <Filter>Header Files</Filter>
    </ClInclude>
    <ClInclude Include="repoException.h">
      <Filter>Header Files</Filter>
    </ClInclude>
    <ClInclude Include="service.h">
      <Filter>Header Files</Filter>
    </ClInclude>
    <ClInclude Include="teste.h">
      <Filter>Header Files</Filter>
    </ClInclude>
    <ClInclude Include="undo.h">
      <Filter>Header Files</Filter>
    </ClInclude>
    <ClInclude Include="valid.h">
      <Filter>Header Files</Filter>
    </ClInclude>
    <ClInclude Include="GUI.h">
      <Filter>Header Files</Filter>
    </ClInclude>
    <ClInclude Include="cosuri.h">
      <Filter>Header Files</Filter>
    </ClInclude>
    <ClInclude Include="observer.h">
      <Filter>Header Files</Filter>
    </ClInclude>
    <ClInclude Include="model.h">
      <Filter>Header Files</Filter>
    </ClInclude>
  </ItemGroup>
  <ItemGroup>
    <QtMoc Include="Lab1011FAB.h" />
  </ItemGroup>
  <ItemGroup>
    <QtRcc Include="Lab1011FAB.qrc" />
  </ItemGroup>
  <ItemGroup>
    <QtUic Include="Lab1011FAB.ui" />
  </ItemGroup>
  <ItemGroup>
    <Filter Include="Header Files">
      <UniqueIdentifier>{00e121a5-fe2d-49c0-8c91-fe6a6f11ef97}</UniqueIdentifier>
    </Filter>
    <Filter Include="Source Files">
      <UniqueIdentifier>{b1d8de05-896c-4dbd-bfc2-d94785393f44}</UniqueIdentifier>
    </Filter>
  </ItemGroup>
  <ItemGroup>
    <Text Include="locatari.txt">
      <Filter>Source Files</Filter>
    </Text>
  </ItemGroup>
</Project>