
Microsoft Visual Studio Solution File, Format Version 12.00
# Visual Studio Version 17
VisualStudioVersion = 17.5.33530.505
MinimumVisualStudioVersion = 10.0.40219.1
Project("{FAE04EC0-301F-11D3-BF4B-00C04F79EFBC}") = "server", "SeventhWeekCSharpServerClient\server.csproj", "{DADF9A51-5991-4213-8795-9D996A954C49}"
EndProject
Project("{FAE04EC0-301F-11D3-BF4B-00C04F79EFBC}") = "model", "model\model.csproj", "{87E6BFB7-B40D-4CDE-8AEC-715D7BD2F12B}"
EndProject
Project("{FAE04EC0-301F-11D3-BF4B-00C04F79EFBC}") = "services", "services\services.csproj", "{F550107C-D8B8-4771-A1B6-DA50C68B1FC5}"
EndProject
Project("{FAE04EC0-301F-11D3-BF4B-00C04F79EFBC}") = "persistence", "persistence\persistence.csproj", "{08FF62B2-D724-4601-A9A8-B7A855A910B4}"
EndProject
Project("{FAE04EC0-301F-11D3-BF4B-00C04F79EFBC}") = "networking", "networking\networking.csproj", "{AD149B90-C6C5-41A6-BC8E-B9EC0BA1BC28}"
EndProject
Project("{FAE04EC0-301F-11D3-BF4B-00C04F79EFBC}") = "client", "client\client.csproj", "{C33652A1-260F-4546-B097-75810F031149}"
EndProject
Project("{FAE04EC0-301F-11D3-BF4B-00C04F79EFBC}") = "ProtobuffNetworking", "ProtobuffNetworking\ProtobuffNetworking.csproj", "{9E2306FC-B82E-49AC-AB70-6F4ED6487D52}"
EndProject
Global
	GlobalSection(SolutionConfigurationPlatforms) = preSolution
		Debug|Any CPU = Debug|Any CPU
		Release|Any CPU = Release|Any CPU
	EndGlobalSection
	GlobalSection(ProjectConfigurationPlatforms) = postSolution
		{DADF9A51-5991-4213-8795-9D996A954C49}.Debug|Any CPU.ActiveCfg = Debug|Any CPU
		{DADF9A51-5991-4213-8795-9D996A954C49}.Debug|Any CPU.Build.0 = Debug|Any CPU
		{DADF9A51-5991-4213-8795-9D996A954C49}.Release|Any CPU.ActiveCfg = Release|Any CPU
		{DADF9A51-5991-4213-8795-9D996A954C49}.Release|Any CPU.Build.0 = Release|Any CPU
		{87E6BFB7-B40D-4CDE-8AEC-715D7BD2F12B}.Debug|Any CPU.ActiveCfg = Debug|Any CPU
		{87E6BFB7-B40D-4CDE-8AEC-715D7BD2F12B}.Debug|Any CPU.Build.0 = Debug|Any CPU
		{87E6BFB7-B40D-4CDE-8AEC-715D7BD2F12B}.Release|Any CPU.ActiveCfg = Release|Any CPU
		{87E6BFB7-B40D-4CDE-8AEC-715D7BD2F12B}.Release|Any CPU.Build.0 = Release|Any CPU
		{F550107C-D8B8-4771-A1B6-DA50C68B1FC5}.Debug|Any CPU.ActiveCfg = Debug|Any CPU
		{F550107C-D8B8-4771-A1B6-DA50C68B1FC5}.Debug|Any CPU.Build.0 = Debug|Any CPU
		{F550107C-D8B8-4771-A1B6-DA50C68B1FC5}.Release|Any CPU.ActiveCfg = Release|Any CPU
		{F550107C-D8B8-4771-A1B6-DA50C68B1FC5}.Release|Any CPU.Build.0 = Release|Any CPU
		{08FF62B2-D724-4601-A9A8-B7A855A910B4}.Debug|Any CPU.ActiveCfg = Debug|Any CPU
		{08FF62B2-D724-4601-A9A8-B7A855A910B4}.Debug|Any CPU.Build.0 = Debug|Any CPU
		{08FF62B2-D724-4601-A9A8-B7A855A910B4}.Release|Any CPU.ActiveCfg = Release|Any CPU
		{08FF62B2-D724-4601-A9A8-B7A855A910B4}.Release|Any CPU.Build.0 = Release|Any CPU
		{AD149B90-C6C5-41A6-BC8E-B9EC0BA1BC28}.Debug|Any CPU.ActiveCfg = Debug|Any CPU
		{AD149B90-C6C5-41A6-BC8E-B9EC0BA1BC28}.Debug|Any CPU.Build.0 = Debug|Any CPU
		{AD149B90-C6C5-41A6-BC8E-B9EC0BA1BC28}.Release|Any CPU.ActiveCfg = Release|Any CPU
		{AD149B90-C6C5-41A6-BC8E-B9EC0BA1BC28}.Release|Any CPU.Build.0 = Release|Any CPU
		{C33652A1-260F-4546-B097-75810F031149}.Debug|Any CPU.ActiveCfg = Debug|Any CPU
		{C33652A1-260F-4546-B097-75810F031149}.Debug|Any CPU.Build.0 = Debug|Any CPU
		{C33652A1-260F-4546-B097-75810F031149}.Release|Any CPU.ActiveCfg = Release|Any CPU
		{C33652A1-260F-4546-B097-75810F031149}.Release|Any CPU.Build.0 = Release|Any CPU
		{9E2306FC-B82E-49AC-AB70-6F4ED6487D52}.Debug|Any CPU.ActiveCfg = Debug|Any CPU
		{9E2306FC-B82E-49AC-AB70-6F4ED6487D52}.Debug|Any CPU.Build.0 = Debug|Any CPU
		{9E2306FC-B82E-49AC-AB70-6F4ED6487D52}.Release|Any CPU.ActiveCfg = Release|Any CPU
		{9E2306FC-B82E-49AC-AB70-6F4ED6487D52}.Release|Any CPU.Build.0 = Release|Any CPU
	EndGlobalSection
	GlobalSection(SolutionProperties) = preSolution
		HideSolutionNode = FALSE
	EndGlobalSection
	GlobalSection(ExtensibilityGlobals) = postSolution
		SolutionGuid = {1247E89E-8A4B-4597-9EE0-47D2DD22A2E2}
	EndGlobalSection
EndGlobal
