
Microsoft Visual Studio Solution File, Format Version 12.00
# Visual Studio Version 17
VisualStudioVersion = 17.7.34031.279
MinimumVisualStudioVersion = 10.0.40219.1
Project("{8BC9CEB8-8B4A-11D0-8D11-00A0C91BC942}") = "First", "First\First.vcxproj", "{120C15E7-39B8-40A3-A152-4A341DF9A268}"
EndProject
Global
	GlobalSection(SolutionConfigurationPlatforms) = preSolution
		Debug|x64 = Debug|x64
		Debug|x86 = Debug|x86
		Release|x64 = Release|x64
		Release|x86 = Release|x86
	EndGlobalSection
	GlobalSection(ProjectConfigurationPlatforms) = postSolution
		{120C15E7-39B8-40A3-A152-4A341DF9A268}.Debug|x64.ActiveCfg = Debug|x64
		{120C15E7-39B8-40A3-A152-4A341DF9A268}.Debug|x64.Build.0 = Debug|x64
		{120C15E7-39B8-40A3-A152-4A341DF9A268}.Debug|x86.ActiveCfg = Debug|Win32
		{120C15E7-39B8-40A3-A152-4A341DF9A268}.Debug|x86.Build.0 = Debug|Win32
		{120C15E7-39B8-40A3-A152-4A341DF9A268}.Release|x64.ActiveCfg = Release|x64
		{120C15E7-39B8-40A3-A152-4A341DF9A268}.Release|x64.Build.0 = Release|x64
		{120C15E7-39B8-40A3-A152-4A341DF9A268}.Release|x86.ActiveCfg = Release|Win32
		{120C15E7-39B8-40A3-A152-4A341DF9A268}.Release|x86.Build.0 = Release|Win32
	EndGlobalSection
	GlobalSection(SolutionProperties) = preSolution
		HideSolutionNode = FALSE
	EndGlobalSection
	GlobalSection(ExtensibilityGlobals) = postSolution
		SolutionGuid = {AA8401D6-AF68-4645-B442-FD743C2AF0C0}
	EndGlobalSection
EndGlobal
