
Microsoft Visual Studio Solution File, Format Version 12.00
# Visual Studio Version 17
VisualStudioVersion = 17.0.32014.148
MinimumVisualStudioVersion = 10.0.40219.1
Project("{8BC9CEB8-8B4A-11D0-8D11-00A0C91BC942}") = "Lab2-4Farmacie", "Lab2-4Farmacie\Lab2-4Farmacie.vcxproj", "{0C90CA6C-9BB1-4F29-9091-CF41B2E63426}"
EndProject
Global
	GlobalSection(SolutionConfigurationPlatforms) = preSolution
		Debug|x64 = Debug|x64
		Debug|x86 = Debug|x86
		Release|x64 = Release|x64
		Release|x86 = Release|x86
	EndGlobalSection
	GlobalSection(ProjectConfigurationPlatforms) = postSolution
		{0C90CA6C-9BB1-4F29-9091-CF41B2E63426}.Debug|x64.ActiveCfg = Debug|x64
		{0C90CA6C-9BB1-4F29-9091-CF41B2E63426}.Debug|x64.Build.0 = Debug|x64
		{0C90CA6C-9BB1-4F29-9091-CF41B2E63426}.Debug|x86.ActiveCfg = Debug|Win32
		{0C90CA6C-9BB1-4F29-9091-CF41B2E63426}.Debug|x86.Build.0 = Debug|Win32
		{0C90CA6C-9BB1-4F29-9091-CF41B2E63426}.Release|x64.ActiveCfg = Release|x64
		{0C90CA6C-9BB1-4F29-9091-CF41B2E63426}.Release|x64.Build.0 = Release|x64
		{0C90CA6C-9BB1-4F29-9091-CF41B2E63426}.Release|x86.ActiveCfg = Release|Win32
		{0C90CA6C-9BB1-4F29-9091-CF41B2E63426}.Release|x86.Build.0 = Release|Win32
	EndGlobalSection
	GlobalSection(SolutionProperties) = preSolution
		HideSolutionNode = FALSE
	EndGlobalSection
	GlobalSection(ExtensibilityGlobals) = postSolution
		SolutionGuid = {72FB61C6-1CF9-4F7F-BEC7-8A00B7BF2309}
	EndGlobalSection
EndGlobal
